
Microsoft Visual Studio Solution File, Format Version 12.00
# Visual Studio 15
VisualStudioVersion = 15.0.26124.0
MinimumVisualStudioVersion = 15.0.26124.0
Project("{FAE04EC0-301F-11D3-BF4B-00C04F79EFBC}") = "Todo.Domain", "Todo.Domain\Todo.Domain.csproj", "{4D392C69-4DFD-446C-B1F1-13625B2F396E}"
EndProject
Project("{FAE04EC0-301F-11D3-BF4B-00C04F79EFBC}") = "Todo.Domain.Api", "Todo.Domain.Api\Todo.Domain.Api.csproj", "{0F71D54B-8D45-4C63-B9C0-29D16922A840}"
EndProject
Project("{FAE04EC0-301F-11D3-BF4B-00C04F79EFBC}") = "Todo.Domain.Tests", "Todo.Domain.Tests\Todo.Domain.Tests.csproj", "{6282724B-019E-4F14-80E8-5EF1C4B7A53D}"
EndProject
Project("{FAE04EC0-301F-11D3-BF4B-00C04F79EFBC}") = "Todo.Domain.Infra", "Todo.Domain.Infra\Todo.Domain.Infra.csproj", "{99A82BAE-3B11-4731-9F60-4DC7F152957F}"
EndProject
Global
	GlobalSection(SolutionConfigurationPlatforms) = preSolution
		Debug|Any CPU = Debug|Any CPU
		Debug|x64 = Debug|x64
		Debug|x86 = Debug|x86
		Release|Any CPU = Release|Any CPU
		Release|x64 = Release|x64
		Release|x86 = Release|x86
	EndGlobalSection
	GlobalSection(SolutionProperties) = preSolution
		HideSolutionNode = FALSE
	EndGlobalSection
	GlobalSection(ProjectConfigurationPlatforms) = postSolution
		{4D392C69-4DFD-446C-B1F1-13625B2F396E}.Debug|Any CPU.ActiveCfg = Debug|Any CPU
		{4D392C69-4DFD-446C-B1F1-13625B2F396E}.Debug|Any CPU.Build.0 = Debug|Any CPU
		{4D392C69-4DFD-446C-B1F1-13625B2F396E}.Debug|x64.ActiveCfg = Debug|Any CPU
		{4D392C69-4DFD-446C-B1F1-13625B2F396E}.Debug|x64.Build.0 = Debug|Any CPU
		{4D392C69-4DFD-446C-B1F1-13625B2F396E}.Debug|x86.ActiveCfg = Debug|Any CPU
		{4D392C69-4DFD-446C-B1F1-13625B2F396E}.Debug|x86.Build.0 = Debug|Any CPU
		{4D392C69-4DFD-446C-B1F1-13625B2F396E}.Release|Any CPU.ActiveCfg = Release|Any CPU
		{4D392C69-4DFD-446C-B1F1-13625B2F396E}.Release|Any CPU.Build.0 = Release|Any CPU
		{4D392C69-4DFD-446C-B1F1-13625B2F396E}.Release|x64.ActiveCfg = Release|Any CPU
		{4D392C69-4DFD-446C-B1F1-13625B2F396E}.Release|x64.Build.0 = Release|Any CPU
		{4D392C69-4DFD-446C-B1F1-13625B2F396E}.Release|x86.ActiveCfg = Release|Any CPU
		{4D392C69-4DFD-446C-B1F1-13625B2F396E}.Release|x86.Build.0 = Release|Any CPU
		{0F71D54B-8D45-4C63-B9C0-29D16922A840}.Debug|Any CPU.ActiveCfg = Debug|Any CPU
		{0F71D54B-8D45-4C63-B9C0-29D16922A840}.Debug|Any CPU.Build.0 = Debug|Any CPU
		{0F71D54B-8D45-4C63-B9C0-29D16922A840}.Debug|x64.ActiveCfg = Debug|Any CPU
		{0F71D54B-8D45-4C63-B9C0-29D16922A840}.Debug|x64.Build.0 = Debug|Any CPU
		{0F71D54B-8D45-4C63-B9C0-29D16922A840}.Debug|x86.ActiveCfg = Debug|Any CPU
		{0F71D54B-8D45-4C63-B9C0-29D16922A840}.Debug|x86.Build.0 = Debug|Any CPU
		{0F71D54B-8D45-4C63-B9C0-29D16922A840}.Release|Any CPU.ActiveCfg = Release|Any CPU
		{0F71D54B-8D45-4C63-B9C0-29D16922A840}.Release|Any CPU.Build.0 = Release|Any CPU
		{0F71D54B-8D45-4C63-B9C0-29D16922A840}.Release|x64.ActiveCfg = Release|Any CPU
		{0F71D54B-8D45-4C63-B9C0-29D16922A840}.Release|x64.Build.0 = Release|Any CPU
		{0F71D54B-8D45-4C63-B9C0-29D16922A840}.Release|x86.ActiveCfg = Release|Any CPU
		{0F71D54B-8D45-4C63-B9C0-29D16922A840}.Release|x86.Build.0 = Release|Any CPU
		{6282724B-019E-4F14-80E8-5EF1C4B7A53D}.Debug|Any CPU.ActiveCfg = Debug|Any CPU
		{6282724B-019E-4F14-80E8-5EF1C4B7A53D}.Debug|Any CPU.Build.0 = Debug|Any CPU
		{6282724B-019E-4F14-80E8-5EF1C4B7A53D}.Debug|x64.ActiveCfg = Debug|Any CPU
		{6282724B-019E-4F14-80E8-5EF1C4B7A53D}.Debug|x64.Build.0 = Debug|Any CPU
		{6282724B-019E-4F14-80E8-5EF1C4B7A53D}.Debug|x86.ActiveCfg = Debug|Any CPU
		{6282724B-019E-4F14-80E8-5EF1C4B7A53D}.Debug|x86.Build.0 = Debug|Any CPU
		{6282724B-019E-4F14-80E8-5EF1C4B7A53D}.Release|Any CPU.ActiveCfg = Release|Any CPU
		{6282724B-019E-4F14-80E8-5EF1C4B7A53D}.Release|Any CPU.Build.0 = Release|Any CPU
		{6282724B-019E-4F14-80E8-5EF1C4B7A53D}.Release|x64.ActiveCfg = Release|Any CPU
		{6282724B-019E-4F14-80E8-5EF1C4B7A53D}.Release|x64.Build.0 = Release|Any CPU
		{6282724B-019E-4F14-80E8-5EF1C4B7A53D}.Release|x86.ActiveCfg = Release|Any CPU
		{6282724B-019E-4F14-80E8-5EF1C4B7A53D}.Release|x86.Build.0 = Release|Any CPU
		{99A82BAE-3B11-4731-9F60-4DC7F152957F}.Debug|Any CPU.ActiveCfg = Debug|Any CPU
		{99A82BAE-3B11-4731-9F60-4DC7F152957F}.Debug|Any CPU.Build.0 = Debug|Any CPU
		{99A82BAE-3B11-4731-9F60-4DC7F152957F}.Debug|x64.ActiveCfg = Debug|Any CPU
		{99A82BAE-3B11-4731-9F60-4DC7F152957F}.Debug|x64.Build.0 = Debug|Any CPU
		{99A82BAE-3B11-4731-9F60-4DC7F152957F}.Debug|x86.ActiveCfg = Debug|Any CPU
		{99A82BAE-3B11-4731-9F60-4DC7F152957F}.Debug|x86.Build.0 = Debug|Any CPU
		{99A82BAE-3B11-4731-9F60-4DC7F152957F}.Release|Any CPU.ActiveCfg = Release|Any CPU
		{99A82BAE-3B11-4731-9F60-4DC7F152957F}.Release|Any CPU.Build.0 = Release|Any CPU
		{99A82BAE-3B11-4731-9F60-4DC7F152957F}.Release|x64.ActiveCfg = Release|Any CPU
		{99A82BAE-3B11-4731-9F60-4DC7F152957F}.Release|x64.Build.0 = Release|Any CPU
		{99A82BAE-3B11-4731-9F60-4DC7F152957F}.Release|x86.ActiveCfg = Release|Any CPU
		{99A82BAE-3B11-4731-9F60-4DC7F152957F}.Release|x86.Build.0 = Release|Any CPU
	EndGlobalSection
EndGlobal
